
Microsoft Visual Studio Solution File, Format Version 12.00
# Visual Studio Version 16
VisualStudioVersion = 16.0.29905.134
MinimumVisualStudioVersion = 10.0.40219.1
Project("{FAE04EC0-301F-11D3-BF4B-00C04F79EFBC}") = "TestMainProject", "TestMainProject\TestMainProject.csproj", "{0757DD94-454D-41F4-B088-6DB2B223738F}"
EndProject
Project("{FAE04EC0-301F-11D3-BF4B-00C04F79EFBC}") = "TestLibProject1", "TestLibProject1\TestLibProject1.csproj", "{13C7A57E-A1BE-4009-ADB7-C57F0FC51D25}"
EndProject
Project("{FAE04EC0-301F-11D3-BF4B-00C04F79EFBC}") = "TestLibProject2", "TestLibProject2\TestLibProject2.csproj", "{74EACCFE-7A27-4CF7-ADF4-74F4D73365A8}"
EndProject
Project("{FAE04EC0-301F-11D3-BF4B-00C04F79EFBC}") = "TestLibProject3", "TestLibProject3\TestLibProject3.csproj", "{D5C499B2-B6F6-4C98-BCCA-47D9958DD12A}"
EndProject
Global
	GlobalSection(SolutionConfigurationPlatforms) = preSolution
		Debug|Any CPU = Debug|Any CPU
		Release|Any CPU = Release|Any CPU
	EndGlobalSection
	GlobalSection(ProjectConfigurationPlatforms) = postSolution
		{0757DD94-454D-41F4-B088-6DB2B223738F}.Debug|Any CPU.ActiveCfg = Debug|Any CPU
		{0757DD94-454D-41F4-B088-6DB2B223738F}.Debug|Any CPU.Build.0 = Debug|Any CPU
		{0757DD94-454D-41F4-B088-6DB2B223738F}.Release|Any CPU.ActiveCfg = Release|Any CPU
		{0757DD94-454D-41F4-B088-6DB2B223738F}.Release|Any CPU.Build.0 = Release|Any CPU
		{13C7A57E-A1BE-4009-ADB7-C57F0FC51D25}.Debug|Any CPU.ActiveCfg = Debug|Any CPU
		{13C7A57E-A1BE-4009-ADB7-C57F0FC51D25}.Debug|Any CPU.Build.0 = Debug|Any CPU
		{13C7A57E-A1BE-4009-ADB7-C57F0FC51D25}.Release|Any CPU.ActiveCfg = Release|Any CPU
		{13C7A57E-A1BE-4009-ADB7-C57F0FC51D25}.Release|Any CPU.Build.0 = Release|Any CPU
		{74EACCFE-7A27-4CF7-ADF4-74F4D73365A8}.Debug|Any CPU.ActiveCfg = Debug|Any CPU
		{74EACCFE-7A27-4CF7-ADF4-74F4D73365A8}.Debug|Any CPU.Build.0 = Debug|Any CPU
		{74EACCFE-7A27-4CF7-ADF4-74F4D73365A8}.Release|Any CPU.ActiveCfg = Release|Any CPU
		{74EACCFE-7A27-4CF7-ADF4-74F4D73365A8}.Release|Any CPU.Build.0 = Release|Any CPU
		{D5C499B2-B6F6-4C98-BCCA-47D9958DD12A}.Debug|Any CPU.ActiveCfg = Debug|Any CPU
		{D5C499B2-B6F6-4C98-BCCA-47D9958DD12A}.Debug|Any CPU.Build.0 = Debug|Any CPU
		{D5C499B2-B6F6-4C98-BCCA-47D9958DD12A}.Release|Any CPU.ActiveCfg = Release|Any CPU
		{D5C499B2-B6F6-4C98-BCCA-47D9958DD12A}.Release|Any CPU.Build.0 = Release|Any CPU
	EndGlobalSection
	GlobalSection(SolutionProperties) = preSolution
		HideSolutionNode = FALSE
	EndGlobalSection
	GlobalSection(ExtensibilityGlobals) = postSolution
		SolutionGuid = {0D3FF26B-DC75-4DD7-8A94-42838EC2DF51}
	EndGlobalSection
EndGlobal
